#
# This file is autogenerated by pip-compile with Python 3.11
# by the following command:
#
#    pip-compile --extra=test --no-emit-index-url --no-emit-trusted-host --output-file=software/python/requirements.lock --strip-extras software/python/pyproject.toml
#
annotated-doc==0.0.5
    # via fastapi
annotated-types==0.8.0
    # via pydantic
anyio==4.14.2
    # via
    #   httpx
    #   starlette
certifi==2026.7.22
    # via
    #   httpcore
    #   httpx
click==8.4.2
    # via uvicorn
colorama==0.4.6
    # via
    #   click
    #   pytest
fastapi==0.141.1
    # via co-arm-stack (software/python/pyproject.toml)
h11==0.16.0
    # via
    #   httpcore
    #   uvicorn
httpcore==1.0.9
    # via httpx
httpx==0.28.1
    # via co-arm-stack (software/python/pyproject.toml)
idna==3.19
    # via
    #   anyio
    #   httpx
iniconfig==2.3.0
    # via pytest
packaging==26.3
    # via pytest
pillow==12.3.0
    # via co-arm-stack (software/python/pyproject.toml)
pluggy==1.6.0
    # via pytest
pydantic==2.13.4
    # via
    #   co-arm-stack (software/python/pyproject.toml)
    #   fastapi
pydantic-core==2.46.4
    # via pydantic
pygments==2.21.0
    # via pytest
pyserial==3.5
    # via co-arm-stack (software/python/pyproject.toml)
pytest==9.0.3
    # via co-arm-stack (software/python/pyproject.toml)
starlette==1.6.0
    # via
    #   co-arm-stack (software/python/pyproject.toml)
    #   fastapi
typing-extensions==4.16.0
    # via
    #   anyio
    #   fastapi
    #   pydantic
    #   pydantic-core
    #   starlette
    #   typing-inspection
typing-inspection==0.4.4
    # via
    #   fastapi
    #   pydantic
uvicorn==0.35.0
    # via co-arm-stack (software/python/pyproject.toml)
